
Microsoft Visual Studio Solution File, Format Version 12.00
# Visual Studio Version 16
VisualStudioVersion = 16.0.31402.337
MinimumVisualStudioVersion = 10.0.40219.1
Project("{8BC9CEB8-8B4A-11D0-8D11-00A0C91BC942}") = "PhysicsEngine", "PhysicsEngine.vcxproj", "{152B4D0A-1D9B-42AF-88A9-D4B538755F89}"
EndProject
Global
	GlobalSection(SolutionConfigurationPlatforms) = preSolution
		Debug|x64 = Debug|x64
		Debug|x86 = Debug|x86
		Release|x64 = Release|x64
		Release|x86 = Release|x86
	EndGlobalSection
	GlobalSection(ProjectConfigurationPlatforms) = postSolution
		{152B4D0A-1D9B-42AF-88A9-D4B538755F89}.Debug|x64.ActiveCfg = Debug|x64
		{152B4D0A-1D9B-42AF-88A9-D4B538755F89}.Debug|x64.Build.0 = Debug|x64
		{152B4D0A-1D9B-42AF-88A9-D4B538755F89}.Debug|x86.ActiveCfg = Debug|Win32
		{152B4D0A-1D9B-42AF-88A9-D4B538755F89}.Debug|x86.Build.0 = Debug|Win32
		{152B4D0A-1D9B-42AF-88A9-D4B538755F89}.Release|x64.ActiveCfg = Release|x64
		{152B4D0A-1D9B-42AF-88A9-D4B538755F89}.Release|x64.Build.0 = Release|x64
		{152B4D0A-1D9B-42AF-88A9-D4B538755F89}.Release|x86.ActiveCfg = Release|Win32
		{152B4D0A-1D9B-42AF-88A9-D4B538755F89}.Release|x86.Build.0 = Release|Win32
	EndGlobalSection
	GlobalSection(SolutionProperties) = preSolution
		HideSolutionNode = FALSE
	EndGlobalSection
	GlobalSection(ExtensibilityGlobals) = postSolution
		SolutionGuid = {D3BFDC8D-1673-437F-A108-98AC93597325}
	EndGlobalSection
EndGlobal
